NeoBundleLock Antares 6f2f37d2e43759aee90256dddc756387fe35dc6a
NeoBundleLock MatlabFilesEdition 06c1e16a4dcfd1b8b1764e96482af4b063ca7c8a
NeoBundleLock jedi-vim 6b7dfe1c1afa9f40df283b2223676ba32f9aa791
NeoBundleLock lightline.vim 430ce2cb063b39a0c7950cafd617e333acb6759a
NeoBundleLock matlab.vim a2df24affc0fbe0c959ecad9da984c24194a130a
NeoBundleLock neobundle.vim 30c40ccbfc6371fb922eece6e0657eb5da9e479b
NeoBundleLock neocomplcache 778181767467b8f8016828898779a646074d883a
NeoBundleLock neocomplete.vim 71800331948b1bc3c3d79dbbf203a274cd5b6f56
NeoBundleLock neosnippet 0e829d51b1342eb34cd07d2a15f0e49ebe4a5335
NeoBundleLock neosnippet-snippets 63c9182d34a618f8dfc22d7c2a3f4ffe3d7101ef
NeoBundleLock nerdtree 2e2b649232d6ae4d02d74793e5da0ee08480ad8d
NeoBundleLock open-browser.vim 39e80649c739151673373bbaf3a56d126531467b
NeoBundleLock previm d16310e360a40198fc8faf7732cb0545114972cf
NeoBundleLock syntastic ddfa6a88350cd1fbf50e1b90f99d16f9ca982a39
NeoBundleLock unite.vim faeff916c6af683990d3afe571047ebdb8bf2a4b
NeoBundleLock vim-markdown 3fcde7215e22913f004c2836fd46ff61746be6db
NeoBundleLock vim-matlab 936839bc3e2534a86a66d821176a2cf8e226f601
NeoBundleLock vim-operator-surround 521afdce16dc94e3994d52526b4483a0b5a7ec34
NeoBundleLock vim-operator-user c3dfd41c1ed516b4b901c97562e644de62c367aa
NeoBundleLock vim-quickrun 5149ecd1502b7fc2583cb8799ac1a0c72c41f828
NeoBundleLock vim-surround e49d6c2459e0f5569ff2d533b4df995dd7f98313
NeoBundleLock vim-textobj-user a3054162c09bcf732624f43ddacbd85dad09713b
NeoBundleLock vim-trailing-whitespace 733fb64337b6da4a51c85a43450cd620d8b617b5
NeoBundleLock vimfiler.vim 7216090936e16e1c3449d60d384de6a4858df533
NeoBundleLock vimproc.vim 03a38f283ca9e15784e8fea84e8afc5d633b9639
NeoBundleLock vimshell.vim d0c5bef010237855b4de25863bc54895effe5d7a
